
Microsoft Visual Studio Solution File, Format Version 12.00
# Visual Studio Version 16
VisualStudioVersion = 16.0.30611.23
MinimumVisualStudioVersion = 10.0.40219.1
Project("{8BC9CEB8-8B4A-11D0-8D11-00A0C91BC942}") = "client", "client\client.vcxproj", "{7E058CFC-C4D7-4037-B64E-CE7A3014F157}"
EndProject
Project("{8BC9CEB8-8B4A-11D0-8D11-00A0C91BC942}") = "server", "server\server.vcxproj", "{D078565E-24FE-4045-A02E-CD9C6201E43B}"
EndProject
Global
	GlobalSection(SolutionConfigurationPlatforms) = preSolution
		Debug|x64 = Debug|x64
		Debug|x86 = Debug|x86
		Release|x64 = Release|x64
		Release|x86 = Release|x86
	EndGlobalSection
	GlobalSection(ProjectConfigurationPlatforms) = postSolution
		{7E058CFC-C4D7-4037-B64E-CE7A3014F157}.Debug|x64.ActiveCfg = Debug|x64
		{7E058CFC-C4D7-4037-B64E-CE7A3014F157}.Debug|x64.Build.0 = Debug|x64
		{7E058CFC-C4D7-4037-B64E-CE7A3014F157}.Debug|x86.ActiveCfg = Debug|Win32
		{7E058CFC-C4D7-4037-B64E-CE7A3014F157}.Debug|x86.Build.0 = Debug|Win32
		{7E058CFC-C4D7-4037-B64E-CE7A3014F157}.Release|x64.ActiveCfg = Release|x64
		{7E058CFC-C4D7-4037-B64E-CE7A3014F157}.Release|x64.Build.0 = Release|x64
		{7E058CFC-C4D7-4037-B64E-CE7A3014F157}.Release|x86.ActiveCfg = Release|Win32
		{7E058CFC-C4D7-4037-B64E-CE7A3014F157}.Release|x86.Build.0 = Release|Win32
		{D078565E-24FE-4045-A02E-CD9C6201E43B}.Debug|x64.ActiveCfg = Debug|x64
		{D078565E-24FE-4045-A02E-CD9C6201E43B}.Debug|x64.Build.0 = Debug|x64
		{D078565E-24FE-4045-A02E-CD9C6201E43B}.Debug|x86.ActiveCfg = Debug|Win32
		{D078565E-24FE-4045-A02E-CD9C6201E43B}.Debug|x86.Build.0 = Debug|Win32
		{D078565E-24FE-4045-A02E-CD9C6201E43B}.Release|x64.ActiveCfg = Release|x64
		{D078565E-24FE-4045-A02E-CD9C6201E43B}.Release|x64.Build.0 = Release|x64
		{D078565E-24FE-4045-A02E-CD9C6201E43B}.Release|x86.ActiveCfg = Release|Win32
		{D078565E-24FE-4045-A02E-CD9C6201E43B}.Release|x86.Build.0 = Release|Win32
	EndGlobalSection
	GlobalSection(SolutionProperties) = preSolution
		HideSolutionNode = FALSE
	EndGlobalSection
	GlobalSection(ExtensibilityGlobals) = postSolution
		SolutionGuid = {EAC6758F-7626-45D3-9F29-B337A7737605}
	EndGlobalSection
EndGlobal
